
Microsoft Visual Studio Solution File, Format Version 12.00
# Visual Studio Version 17
VisualStudioVersion = 17.9.34607.119
MinimumVisualStudioVersion = 10.0.40219.1
Project("{2150E333-8FDC-42A3-9474-1A3956D46DE8}") = "src", "src", "{68E06C0E-4ADB-4B89-83ED-D277CBCEB97D}"
EndProject
Project("{9A19103F-16F7-4668-BE54-9A1E7A4F7556}") = "AuctionService", "src\AuctionService\AuctionService.csproj", "{8CD5BCF1-FABF-4400-8375-FE8779C8B601}"
EndProject
Project("{FAE04EC0-301F-11D3-BF4B-00C04F79EFBC}") = "SearchService", "src\SearchService\SearchService.csproj", "{20849C8F-7C40-4F97-B2CB-F17737B534D1}"
EndProject
Global
	GlobalSection(SolutionConfigurationPlatforms) = preSolution
		Debug|Any CPU = Debug|Any CPU
		Release|Any CPU = Release|Any CPU
	EndGlobalSection
	GlobalSection(ProjectConfigurationPlatforms) = postSolution
		{8CD5BCF1-FABF-4400-8375-FE8779C8B601}.Debug|Any CPU.ActiveCfg = Debug|Any CPU
		{8CD5BCF1-FABF-4400-8375-FE8779C8B601}.Debug|Any CPU.Build.0 = Debug|Any CPU
		{8CD5BCF1-FABF-4400-8375-FE8779C8B601}.Release|Any CPU.ActiveCfg = Release|Any CPU
		{8CD5BCF1-FABF-4400-8375-FE8779C8B601}.Release|Any CPU.Build.0 = Release|Any CPU
		{20849C8F-7C40-4F97-B2CB-F17737B534D1}.Debug|Any CPU.ActiveCfg = Debug|Any CPU
		{20849C8F-7C40-4F97-B2CB-F17737B534D1}.Debug|Any CPU.Build.0 = Debug|Any CPU
		{20849C8F-7C40-4F97-B2CB-F17737B534D1}.Release|Any CPU.ActiveCfg = Release|Any CPU
		{20849C8F-7C40-4F97-B2CB-F17737B534D1}.Release|Any CPU.Build.0 = Release|Any CPU
	EndGlobalSection
	GlobalSection(SolutionProperties) = preSolution
		HideSolutionNode = FALSE
	EndGlobalSection
	GlobalSection(NestedProjects) = preSolution
		{8CD5BCF1-FABF-4400-8375-FE8779C8B601} = {68E06C0E-4ADB-4B89-83ED-D277CBCEB97D}
		{20849C8F-7C40-4F97-B2CB-F17737B534D1} = {68E06C0E-4ADB-4B89-83ED-D277CBCEB97D}
	EndGlobalSection
	GlobalSection(ExtensibilityGlobals) = postSolution
		SolutionGuid = {4BB4AF84-F8E0-47CC-9E0C-D98BE950909A}
	EndGlobalSection
EndGlobal
